
Microsoft Visual Studio Solution File, Format Version 12.00
# Visual Studio 15
VisualStudioVersion = 15.0.27130.2036
MinimumVisualStudioVersion = 10.0.40219.1
Project("{FAE04EC0-301F-11D3-BF4B-00C04F79EFBC}") = "CordovaPackagesBuiler", "CordovaPackagesBuiler\CordovaPackagesBuiler.csproj", "{89519F05-49BE-400A-AB6C-618F7DF5B67D}"
EndProject
Global
	GlobalSection(SolutionConfigurationPlatforms) = preSolution
		Debug|Any CPU = Debug|Any CPU
		Release|Any CPU = Release|Any CPU
	EndGlobalSection
	GlobalSection(ProjectConfigurationPlatforms) = postSolution
		{89519F05-49BE-400A-AB6C-618F7DF5B67D}.Debug|Any CPU.ActiveCfg = Debug|Any CPU
		{89519F05-49BE-400A-AB6C-618F7DF5B67D}.Debug|Any CPU.Build.0 = Debug|Any CPU
		{89519F05-49BE-400A-AB6C-618F7DF5B67D}.Release|Any CPU.ActiveCfg = Release|Any CPU
		{89519F05-49BE-400A-AB6C-618F7DF5B67D}.Release|Any CPU.Build.0 = Release|Any CPU
	EndGlobalSection
	GlobalSection(SolutionProperties) = preSolution
		HideSolutionNode = FALSE
	EndGlobalSection
	GlobalSection(ExtensibilityGlobals) = postSolution
		SolutionGuid = {16189DB0-B807-4BD7-AD33-21C659525B5E}
	EndGlobalSection
EndGlobal
